{
  "originHash" : "1b0201927125553c2b96b03b84d7ea379eb2337a86edc97c2652215da9a204f8",
  "pins" : [
    {
      "identity" : "anthropic.swift",
      "kind" : "remoteSourceControl",
      "location" : "https://github.com/rchatham/anthropic.swift",
      "state" : {
        "branch" : "main",
        "revision" : "a6ac0cc966d23eee7819ec836231b5b9cf69c5a1"
      }
    },
    {
      "identity" : "keychainaccess",
      "kind" : "remoteSourceControl",
      "location" : "https://github.com/kishikawakatsumi/KeychainAccess",
      "state" : {
        "revision" : "84e546727d66f1adc5439debad16270d0fdd04e7",
        "version" : "4.2.2"
      }
    },
    {
      "identity" : "langtools.swift",
      "kind" : "remoteSourceControl",
      "location" : "https://github.com/rchatham/LangTools.swift.git",
      "state" : {
        "branch" : "main",
        "revision" : "0c069f9d644499164a21367f359253955cee298e"
      }
    },
    {
      "identity" : "openai.swift",
      "kind" : "remoteSourceControl",
      "location" : "https://github.com/rchatham/OpenAI.swift",
      "state" : {
        "branch" : "lang-tools",
        "revision" : "a9b43791f11f58f744402b5ddb05d8d2a249c0d5"
      }
    }
  ],
  "version" : 3
}
