// !$*UTF8*$!
{
	archiveVersion = 1;
	classes = {
	};
	objectVersion = 77;
	objects = {

/* Begin PBXBuildFile section */
		B181AE852F0C3945001DAA40 /* AppleSpeech in Frameworks */ = {isa = PBXBuildFile; productRef = B181AE842F0C3945001DAA40 /* AppleSpeech */; };
		B181AE882F0C8048001DAA40 /* ChatUI in Frameworks */ = {isa = PBXBuildFile; productRef = B181AE872F0C8048001DAA40 /* ChatUI */; };
		B181AEA02F1065F1001DAA40 /* Audio in Frameworks */ = {isa = PBXBuildFile; productRef = B181AE9F2F1065F1001DAA40 /* Audio */; };
		B19FD1AE2DD6835000E7BEB5 /* Chat in Frameworks */ = {isa = PBXBuildFile; productRef = B19FD1AD2DD6835000E7BEB5 /* Chat */; };
		B19FD1D02DD68BFD00E7BEB5 /* ExampleAgents in Frameworks */ = {isa = PBXBuildFile; productRef = B19FD1CF2DD68BFD00E7BEB5 /* ExampleAgents */; };
		B1F8B9C82DCA966700F86CED /* ChatUI in Frameworks */ = {isa = PBXBuildFile; productRef = B1E36A9D2D722E80007CB6B5 /* ChatUI */; };
/* End PBXBuildFile section */

/* Begin PBXContainerItemProxy section */
		B1D1EBF02CA2519100AD7FA6 /* PBXContainerItemProxy */ = {
			isa = PBXContainerItemProxy;
			containerPortal = B1D1EBD72CA2518E00AD7FA6 /* Project object */;
			proxyType = 1;
			remoteGlobalIDString = B1D1EBDE2CA2518E00AD7FA6;
			remoteInfo = LangTools_Example;
		};
		B1D1EBFA2CA2519100AD7FA6 /* PBXContainerItemProxy */ = {
			isa = PBXContainerItemProxy;
			containerPortal = B1D1EBD72CA2518E00AD7FA6 /* Project object */;
			proxyType = 1;
			remoteGlobalIDString = B1D1EBDE2CA2518E00AD7FA6;
			remoteInfo = LangTools_Example;
		};
/* End PBXContainerItemProxy section */

/* Begin PBXCopyFilesBuildPhase section */
		B1FC36C62D625AF000BB049B /* Embed Frameworks */ = {
			isa = PBXCopyFilesBuildPhase;
			buildActionMask = 2147483647;
			dstPath = "";
			dstSubfolderSpec = 10;
			files = (
			);
			name = "Embed Frameworks";
			runOnlyForDeploymentPostprocessing = 0;
		};
/* End PBXCopyFilesBuildPhase section */

/* Begin PBXFileReference section */
		B17671D22DF7852A009503E4 /* WebScrapingAgent.swift */ = {isa = PBXFileReference; lastKnownFileType = sourcecode.swift; path = WebScrapingAgent.swift; sourceTree = "<group>"; };
		B17671FF2DF78C8A009503E4 /* WebScraperService.swift */ = {isa = PBXFileReference; lastKnownFileType = sourcecode.swift; path = WebScraperService.swift; sourceTree = "<group>"; };
		B181AE892F0F1ACC001DAA40 /* AudioConverter.swift */ = {isa = PBXFileReference; lastKnownFileType = sourcecode.swift; path = AudioConverter.swift; sourceTree = "<group>"; };
		B181AE8A2F0F1ACC001DAA40 /* AudioPlayer.swift */ = {isa = PBXFileReference; lastKnownFileType = sourcecode.swift; path = AudioPlayer.swift; sourceTree = "<group>"; };
		B181AE8B2F0F1ACC001DAA40 /* AVAudioEngineRecorder.swift */ = {isa = PBXFileReference; lastKnownFileType = sourcecode.swift; path = AVAudioEngineRecorder.swift; sourceTree = "<group>"; };
		B181AE902F0F1C92001DAA40 /* STTService.swift */ = {isa = PBXFileReference; lastKnownFileType = sourcecode.swift; path = STTService.swift; sourceTree = "<group>"; };
		B181AE912F0F1C92001DAA40 /* VoiceInputHandlerAdapter.swift */ = {isa = PBXFileReference; lastKnownFileType = sourcecode.swift; path = VoiceInputHandlerAdapter.swift; sourceTree = "<group>"; };
		B181AE962F10657E001DAA40 /* AppleSpeechSTTProvider.swift */ = {isa = PBXFileReference; lastKnownFileType = sourcecode.swift; path = AppleSpeechSTTProvider.swift; sourceTree = "<group>"; };
		B181AE972F10657E001DAA40 /* OpenAISTTProvider.swift */ = {isa = PBXFileReference; lastKnownFileType = sourcecode.swift; path = OpenAISTTProvider.swift; sourceTree = "<group>"; };
		B181AE982F10657E001DAA40 /* WhisperKitSTTProvider.swift */ = {isa = PBXFileReference; lastKnownFileType = sourcecode.swift; path = WhisperKitSTTProvider.swift; sourceTree = "<group>"; };
		B181AE9A2F10657E001DAA40 /* STTProvider.swift */ = {isa = PBXFileReference; lastKnownFileType = sourcecode.swift; path = STTProvider.swift; sourceTree = "<group>"; };
		B19FD1452DD54DEB00E7BEB5 /* CalendarService.swift */ = {isa = PBXFileReference; lastKnownFileType = sourcecode.swift; path = CalendarService.swift; sourceTree = "<group>"; };
		B19FD14B2DD54DEB00E7BEB5 /* SerperService.swift */ = {isa = PBXFileReference; lastKnownFileType = sourcecode.swift; path = SerperService.swift; sourceTree = "<group>"; };
		B19FD14F2DD54DEB00E7BEB5 /* ToolSettings.swift */ = {isa = PBXFileReference; lastKnownFileType = sourcecode.swift; path = ToolSettings.swift; sourceTree = "<group>"; };
		B19FD1A62DD6828B00E7BEB5 /* UserDefaults+Extensions.swift */ = {isa = PBXFileReference; lastKnownFileType = sourcecode.swift; path = "UserDefaults+Extensions.swift"; sourceTree = "<group>"; };
		B19FD1B12DD683A200E7BEB5 /* KeychainService.swift */ = {isa = PBXFileReference; lastKnownFileType = sourcecode.swift; path = KeychainService.swift; sourceTree = "<group>"; };
		B19FD1B22DD683C900E7BEB5 /* CalendarAgent.swift */ = {isa = PBXFileReference; lastKnownFileType = sourcecode.swift; path = CalendarAgent.swift; sourceTree = "<group>"; };
		B19FD1B32DD683C900E7BEB5 /* ReminderAgent.swift */ = {isa = PBXFileReference; lastKnownFileType = sourcecode.swift; path = ReminderAgent.swift; sourceTree = "<group>"; };
		B19FD1B42DD683C900E7BEB5 /* ResearchAgent.swift */ = {isa = PBXFileReference; lastKnownFileType = sourcecode.swift; path = ResearchAgent.swift; sourceTree = "<group>"; };
		B19FD1B92DD683CC00E7BEB5 /* SerperTool.swift */ = {isa = PBXFileReference; lastKnownFileType = sourcecode.swift; path = SerperTool.swift; sourceTree = "<group>"; };
		B19FD1BC2DD683D300E7BEB5 /* ChatSettingsView.swift */ = {isa = PBXFileReference; lastKnownFileType = sourcecode.swift; path = ChatSettingsView.swift; sourceTree = "<group>"; };
		B19FD1BD2DD683D300E7BEB5 /* OllamaSettingsView.swift */ = {isa = PBXFileReference; lastKnownFileType = sourcecode.swift; path = OllamaSettingsView.swift; sourceTree = "<group>"; };
		B19FD1BE2DD683D300E7BEB5 /* View+Extensions.swift */ = {isa = PBXFileReference; lastKnownFileType = sourcecode.swift; path = "View+Extensions.swift"; sourceTree = "<group>"; };
		B19FD1C02DD683D600E7BEB5 /* UserDefaults+Extensions.swift */ = {isa = PBXFileReference; lastKnownFileType = sourcecode.swift; path = "UserDefaults+Extensions.swift"; sourceTree = "<group>"; };
		B19FD1C12DD683D600E7BEB5 /* Utilities.swift */ = {isa = PBXFileReference; lastKnownFileType = sourcecode.swift; path = Utilities.swift; sourceTree = "<group>"; };
		B19FD1C32DD683D800E7BEB5 /* AudioPlayer.swift */ = {isa = PBXFileReference; lastKnownFileType = sourcecode.swift; path = AudioPlayer.swift; sourceTree = "<group>"; };
		B19FD1C42DD683D800E7BEB5 /* KeychainService.swift */ = {isa = PBXFileReference; lastKnownFileType = sourcecode.swift; path = KeychainService.swift; sourceTree = "<group>"; };
		B19FD1C62DD683D800E7BEB5 /* MessageService.swift */ = {isa = PBXFileReference; lastKnownFileType = sourcecode.swift; path = MessageService.swift; sourceTree = "<group>"; };
		B19FD1C72DD683D800E7BEB5 /* NetworkClient.swift */ = {isa = PBXFileReference; lastKnownFileType = sourcecode.swift; path = NetworkClient.swift; sourceTree = "<group>"; };
		B19FD1C82DD683D800E7BEB5 /* OllamaService.swift */ = {isa = PBXFileReference; lastKnownFileType = sourcecode.swift; path = OllamaService.swift; sourceTree = "<group>"; };
		B19FD1CA2DD683DA00E7BEB5 /* Message.swift */ = {isa = PBXFileReference; lastKnownFileType = sourcecode.swift; path = Message.swift; sourceTree = "<group>"; };
		B19FD1CB2DD683DA00E7BEB5 /* Model.swift */ = {isa = PBXFileReference; lastKnownFileType = sourcecode.swift; path = Model.swift; sourceTree = "<group>"; };
		B1AE5A3C2F24484D0092EB9D /* Package.swift */ = {isa = PBXFileReference; lastKnownFileType = sourcecode.swift; path = Package.swift; sourceTree = "<group>"; };
		B1D1EBDF2CA2518F00AD7FA6 /* LangTools_Example.app */ = {isa = PBXFileReference; explicitFileType = wrapper.application; includeInIndex = 0; path = LangTools_Example.app; sourceTree = BUILT_PRODUCTS_DIR; };
		B1D1EBEF2CA2519100AD7FA6 /* LangTools_ExampleTests.xctest */ = {isa = PBXFileReference; explicitFileType = wrapper.cfbundle; includeInIndex = 0; path = LangTools_ExampleTests.xctest; sourceTree = BUILT_PRODUCTS_DIR; };
		B1D1EBF92CA2519100AD7FA6 /* LangTools_ExampleUITests.xctest */ = {isa = PBXFileReference; explicitFileType = wrapper.cfbundle; includeInIndex = 0; path = LangTools_ExampleUITests.xctest; sourceTree = BUILT_PRODUCTS_DIR; };
/* End PBXFileReference section */

/* Begin PBXFileSystemSynchronizedRootGroup section */
		B1D1EBE12CA2518F00AD7FA6 /* LangTools_Example */ = {
			isa = PBXFileSystemSynchronizedRootGroup;
			path = LangTools_Example;
			sourceTree = "<group>";
		};
		B1D1EBF22CA2519100AD7FA6 /* LangTools_ExampleTests */ = {
			isa = PBXFileSystemSynchronizedRootGroup;
			path = LangTools_ExampleTests;
			sourceTree = "<group>";
		};
		B1D1EBFC2CA2519100AD7FA6 /* LangTools_ExampleUITests */ = {
			isa = PBXFileSystemSynchronizedRootGroup;
			path = LangTools_ExampleUITests;
			sourceTree = "<group>";
		};
/* End PBXFileSystemSynchronizedRootGroup section */

/* Begin PBXFrameworksBuildPhase section */
		B1D1EBDC2CA2518E00AD7FA6 /* Frameworks */ = {
			isa = PBXFrameworksBuildPhase;
			buildActionMask = 2147483647;
			files = (
				B181AE882F0C8048001DAA40 /* ChatUI in Frameworks */,
				B1F8B9C82DCA966700F86CED /* ChatUI in Frameworks */,
				B181AE852F0C3945001DAA40 /* AppleSpeech in Frameworks */,
				B181AEA02F1065F1001DAA40 /* Audio in Frameworks */,
				B19FD1AE2DD6835000E7BEB5 /* Chat in Frameworks */,
				B19FD1D02DD68BFD00E7BEB5 /* ExampleAgents in Frameworks */,
			);
			runOnlyForDeploymentPostprocessing = 0;
		};
		B1D1EBEC2CA2519100AD7FA6 /* Frameworks */ = {
			isa = PBXFrameworksBuildPhase;
			buildActionMask = 2147483647;
			files = (
			);
			runOnlyForDeploymentPostprocessing = 0;
		};
		B1D1EBF62CA2519100AD7FA6 /* Frameworks */ = {
			isa = PBXFrameworksBuildPhase;
			buildActionMask = 2147483647;
			files = (
			);
			runOnlyForDeploymentPostprocessing = 0;
		};
/* End PBXFrameworksBuildPhase section */

/* Begin PBXGroup section */
		B181AE8C2F0F1ACC001DAA40 /* Audio */ = {
			isa = PBXGroup;
			children = (
				B181AE992F10657E001DAA40 /* Providers */,
				B181AE9A2F10657E001DAA40 /* STTProvider.swift */,
				B181AE892F0F1ACC001DAA40 /* AudioConverter.swift */,
				B181AE8A2F0F1ACC001DAA40 /* AudioPlayer.swift */,
				B181AE8B2F0F1ACC001DAA40 /* AVAudioEngineRecorder.swift */,
				B181AE902F0F1C92001DAA40 /* STTService.swift */,
				B181AE912F0F1C92001DAA40 /* VoiceInputHandlerAdapter.swift */,
			);
			path = Audio;
			sourceTree = "<group>";
		};
		B181AE992F10657E001DAA40 /* Providers */ = {
			isa = PBXGroup;
			children = (
				B181AE962F10657E001DAA40 /* AppleSpeechSTTProvider.swift */,
				B181AE972F10657E001DAA40 /* OpenAISTTProvider.swift */,
				B181AE982F10657E001DAA40 /* WhisperKitSTTProvider.swift */,
			);
			path = Providers;
			sourceTree = "<group>";
		};
		B19FD17D2DD67EC000E7BEB5 /* Modules */ = {
			isa = PBXGroup;
			children = (
				B181AE8C2F0F1ACC001DAA40 /* Audio */,
				B19FD17F2DD67EE600E7BEB5 /* Agents */,
				B19FD17E2DD67ED500E7BEB5 /* Chat */,
			);
			path = Modules;
			sourceTree = "<group>";
		};
		B19FD17E2DD67ED500E7BEB5 /* Chat */ = {
			isa = PBXGroup;
			children = (
				B19FD1CC2DD683DA00E7BEB5 /* Models */,
				B19FD1C92DD683D800E7BEB5 /* Services */,
				B19FD1C22DD683D600E7BEB5 /* Utilities */,
				B19FD1BF2DD683D300E7BEB5 /* Views */,
			);
			path = Chat;
			sourceTree = "<group>";
		};
		B19FD17F2DD67EE600E7BEB5 /* Agents */ = {
			isa = PBXGroup;
			children = (
				B19FD1842DD67F2300E7BEB5 /* Utilities */,
				B19FD1802DD67F0400E7BEB5 /* Services */,
				B19FD1B52DD683C900E7BEB5 /* Agents */,
				B19FD1BA2DD683CC00E7BEB5 /* Tools */,
			);
			path = Agents;
			sourceTree = "<group>";
		};
		B19FD1802DD67F0400E7BEB5 /* Services */ = {
			isa = PBXGroup;
			children = (
				B19FD1B12DD683A200E7BEB5 /* KeychainService.swift */,
				B19FD14B2DD54DEB00E7BEB5 /* SerperService.swift */,
				B19FD1452DD54DEB00E7BEB5 /* CalendarService.swift */,
				B17671FF2DF78C8A009503E4 /* WebScraperService.swift */,
			);
			path = Services;
			sourceTree = "<group>";
		};
		B19FD1842DD67F2300E7BEB5 /* Utilities */ = {
			isa = PBXGroup;
			children = (
				B19FD1A62DD6828B00E7BEB5 /* UserDefaults+Extensions.swift */,
			);
			path = Utilities;
			sourceTree = "<group>";
		};
		B19FD1B52DD683C900E7BEB5 /* Agents */ = {
			isa = PBXGroup;
			children = (
				B19FD1B22DD683C900E7BEB5 /* CalendarAgent.swift */,
				B19FD1B32DD683C900E7BEB5 /* ReminderAgent.swift */,
				B19FD1B42DD683C900E7BEB5 /* ResearchAgent.swift */,
				B17671D22DF7852A009503E4 /* WebScrapingAgent.swift */,
			);
			path = Agents;
			sourceTree = "<group>";
		};
		B19FD1BA2DD683CC00E7BEB5 /* Tools */ = {
			isa = PBXGroup;
			children = (
				B19FD1B92DD683CC00E7BEB5 /* SerperTool.swift */,
			);
			path = Tools;
			sourceTree = "<group>";
		};
		B19FD1BF2DD683D300E7BEB5 /* Views */ = {
			isa = PBXGroup;
			children = (
				B19FD1BC2DD683D300E7BEB5 /* ChatSettingsView.swift */,
				B19FD1BD2DD683D300E7BEB5 /* OllamaSettingsView.swift */,
				B19FD1BE2DD683D300E7BEB5 /* View+Extensions.swift */,
			);
			path = Views;
			sourceTree = "<group>";
		};
		B19FD1C22DD683D600E7BEB5 /* Utilities */ = {
			isa = PBXGroup;
			children = (
				B19FD1C02DD683D600E7BEB5 /* UserDefaults+Extensions.swift */,
				B19FD1C12DD683D600E7BEB5 /* Utilities.swift */,
				B19FD14F2DD54DEB00E7BEB5 /* ToolSettings.swift */,
			);
			path = Utilities;
			sourceTree = "<group>";
		};
		B19FD1C92DD683D800E7BEB5 /* Services */ = {
			isa = PBXGroup;
			children = (
				B19FD1C32DD683D800E7BEB5 /* AudioPlayer.swift */,
				B19FD1C42DD683D800E7BEB5 /* KeychainService.swift */,
				B19FD1C62DD683D800E7BEB5 /* MessageService.swift */,
				B19FD1C72DD683D800E7BEB5 /* NetworkClient.swift */,
				B19FD1C82DD683D800E7BEB5 /* OllamaService.swift */,
			);
			path = Services;
			sourceTree = "<group>";
		};
		B19FD1CC2DD683DA00E7BEB5 /* Models */ = {
			isa = PBXGroup;
			children = (
				B19FD1CA2DD683DA00E7BEB5 /* Message.swift */,
				B19FD1CB2DD683DA00E7BEB5 /* Model.swift */,
			);
			path = Models;
			sourceTree = "<group>";
		};
		B1D1EBD62CA2518E00AD7FA6 = {
			isa = PBXGroup;
			children = (
				B1AE5A3C2F24484D0092EB9D /* Package.swift */,
				B1D1EBE12CA2518F00AD7FA6 /* LangTools_Example */,
				B1D1EBF22CA2519100AD7FA6 /* LangTools_ExampleTests */,
				B1D1EBFC2CA2519100AD7FA6 /* LangTools_ExampleUITests */,
				B19FD17D2DD67EC000E7BEB5 /* Modules */,
				B1E289D32D192BE200A1C327 /* Frameworks */,
				B1D1EBE02CA2518F00AD7FA6 /* Products */,
			);
			sourceTree = "<group>";
		};
		B1D1EBE02CA2518F00AD7FA6 /* Products */ = {
			isa = PBXGroup;
			children = (
				B1D1EBDF2CA2518F00AD7FA6 /* LangTools_Example.app */,
				B1D1EBEF2CA2519100AD7FA6 /* LangTools_ExampleTests.xctest */,
				B1D1EBF92CA2519100AD7FA6 /* LangTools_ExampleUITests.xctest */,
			);
			name = Products;
			sourceTree = "<group>";
		};
		B1E289D32D192BE200A1C327 /* Frameworks */ = {
			isa = PBXGroup;
			children = (
			);
			name = Frameworks;
			sourceTree = "<group>";
		};
/* End PBXGroup section */

/* Begin PBXNativeTarget section */
		B1D1EBDE2CA2518E00AD7FA6 /* LangTools_Example */ = {
			isa = PBXNativeTarget;
			buildConfigurationList = B1D1EC032CA2519100AD7FA6 /* Build configuration list for PBXNativeTarget "LangTools_Example" */;
			buildPhases = (
				B1D1EBDB2CA2518E00AD7FA6 /* Sources */,
				B1D1EBDC2CA2518E00AD7FA6 /* Frameworks */,
				B1D1EBDD2CA2518E00AD7FA6 /* Resources */,
				B1FC36C62D625AF000BB049B /* Embed Frameworks */,
			);
			buildRules = (
			);
			dependencies = (
			);
			fileSystemSynchronizedGroups = (
				B1D1EBE12CA2518F00AD7FA6 /* LangTools_Example */,
			);
			name = LangTools_Example;
			packageProductDependencies = (
				B1E36A9D2D722E80007CB6B5 /* ChatUI */,
				B19FD1AD2DD6835000E7BEB5 /* Chat */,
				B19FD1CF2DD68BFD00E7BEB5 /* ExampleAgents */,
				B181AE842F0C3945001DAA40 /* AppleSpeech */,
				B181AE872F0C8048001DAA40 /* ChatUI */,
				B181AE9F2F1065F1001DAA40 /* Audio */,
			);
			productName = LangTools_Example;
			productReference = B1D1EBDF2CA2518F00AD7FA6 /* LangTools_Example.app */;
			productType = "com.apple.product-type.application";
		};
		B1D1EBEE2CA2519100AD7FA6 /* LangTools_ExampleTests */ = {
			isa = PBXNativeTarget;
			buildConfigurationList = B1D1EC062CA2519100AD7FA6 /* Build configuration list for PBXNativeTarget "LangTools_ExampleTests" */;
			buildPhases = (
				B1D1EBEB2CA2519100AD7FA6 /* Sources */,
				B1D1EBEC2CA2519100AD7FA6 /* Frameworks */,
				B1D1EBED2CA2519100AD7FA6 /* Resources */,
			);
			buildRules = (
			);
			dependencies = (
				B1D1EBF12CA2519100AD7FA6 /* PBXTargetDependency */,
			);
			fileSystemSynchronizedGroups = (
				B1D1EBF22CA2519100AD7FA6 /* LangTools_ExampleTests */,
			);
			name = LangTools_ExampleTests;
			packageProductDependencies = (
			);
			productName = LangTools_ExampleTests;
			productReference = B1D1EBEF2CA2519100AD7FA6 /* LangTools_ExampleTests.xctest */;
			productType = "com.apple.product-type.bundle.unit-test";
		};
		B1D1EBF82CA2519100AD7FA6 /* LangTools_ExampleUITests */ = {
			isa = PBXNativeTarget;
			buildConfigurationList = B1D1EC092CA2519100AD7FA6 /* Build configuration list for PBXNativeTarget "LangTools_ExampleUITests" */;
			buildPhases = (
				B1D1EBF52CA2519100AD7FA6 /* Sources */,
				B1D1EBF62CA2519100AD7FA6 /* Frameworks */,
				B1D1EBF72CA2519100AD7FA6 /* Resources */,
			);
			buildRules = (
			);
			dependencies = (
				B1D1EBFB2CA2519100AD7FA6 /* PBXTargetDependency */,
			);
			fileSystemSynchronizedGroups = (
				B1D1EBFC2CA2519100AD7FA6 /* LangTools_ExampleUITests */,
			);
			name = LangTools_ExampleUITests;
			packageProductDependencies = (
			);
			productName = LangTools_ExampleUITests;
			productReference = B1D1EBF92CA2519100AD7FA6 /* LangTools_ExampleUITests.xctest */;
			productType = "com.apple.product-type.bundle.ui-testing";
		};
/* End PBXNativeTarget section */

/* Begin PBXProject section */
		B1D1EBD72CA2518E00AD7FA6 /* Project object */ = {
			isa = PBXProject;
			attributes = {
				BuildIndependentTargetsInParallel = 1;
				LastSwiftUpdateCheck = 1620;
				LastUpgradeCheck = 1600;
				TargetAttributes = {
					B1D1EBDE2CA2518E00AD7FA6 = {
						CreatedOnToolsVersion = 16.0;
					};
					B1D1EBEE2CA2519100AD7FA6 = {
						CreatedOnToolsVersion = 16.0;
						TestTargetID = B1D1EBDE2CA2518E00AD7FA6;
					};
					B1D1EBF82CA2519100AD7FA6 = {
						CreatedOnToolsVersion = 16.0;
						TestTargetID = B1D1EBDE2CA2518E00AD7FA6;
					};
				};
			};
			buildConfigurationList = B1D1EBDA2CA2518E00AD7FA6 /* Build configuration list for PBXProject "LangTools_Example" */;
			developmentRegion = en;
			hasScannedForEncodings = 0;
			knownRegions = (
				en,
				Base,
			);
			mainGroup = B1D1EBD62CA2518E00AD7FA6;
			minimizedProjectReferenceProxies = 1;
			packageReferences = (
				B19FD1AC2DD6835000E7BEB5 /* XCLocalSwiftPackageReference "../LangTools_Example" */,
				B181AE832F0C3945001DAA40 /* XCLocalSwiftPackageReference "../../../LangTools.swift" */,
				B181AE862F0C8048001DAA40 /* XCLocalSwiftPackageReference "../../../ChatUI" */,
			);
			preferredProjectObjectVersion = 77;
			productRefGroup = B1D1EBE02CA2518F00AD7FA6 /* Products */;
			projectDirPath = "";
			projectRoot = "";
			targets = (
				B1D1EBDE2CA2518E00AD7FA6 /* LangTools_Example */,
				B1D1EBEE2CA2519100AD7FA6 /* LangTools_ExampleTests */,
				B1D1EBF82CA2519100AD7FA6 /* LangTools_ExampleUITests */,
			);
		};
/* End PBXProject section */

/* Begin PBXResourcesBuildPhase section */
		B1D1EBDD2CA2518E00AD7FA6 /* Resources */ = {
			isa = PBXResourcesBuildPhase;
			buildActionMask = 2147483647;
			files = (
			);
			runOnlyForDeploymentPostprocessing = 0;
		};
		B1D1EBED2CA2519100AD7FA6 /* Resources */ = {
			isa = PBXResourcesBuildPhase;
			buildActionMask = 2147483647;
			files = (
			);
			runOnlyForDeploymentPostprocessing = 0;
		};
		B1D1EBF72CA2519100AD7FA6 /* Resources */ = {
			isa = PBXResourcesBuildPhase;
			buildActionMask = 2147483647;
			files = (
			);
			runOnlyForDeploymentPostprocessing = 0;
		};
/* End PBXResourcesBuildPhase section */

/* Begin PBXSourcesBuildPhase section */
		B1D1EBDB2CA2518E00AD7FA6 /* Sources */ = {
			isa = PBXSourcesBuildPhase;
			buildActionMask = 2147483647;
			files = (
			);
			runOnlyForDeploymentPostprocessing = 0;
		};
		B1D1EBEB2CA2519100AD7FA6 /* Sources */ = {
			isa = PBXSourcesBuildPhase;
			buildActionMask = 2147483647;
			files = (
			);
			runOnlyForDeploymentPostprocessing = 0;
		};
		B1D1EBF52CA2519100AD7FA6 /* Sources */ = {
			isa = PBXSourcesBuildPhase;
			buildActionMask = 2147483647;
			files = (
			);
			runOnlyForDeploymentPostprocessing = 0;
		};
/* End PBXSourcesBuildPhase section */

/* Begin PBXTargetDependency section */
		B1D1EBF12CA2519100AD7FA6 /* PBXTargetDependency */ = {
			isa = PBXTargetDependency;
			target = B1D1EBDE2CA2518E00AD7FA6 /* LangTools_Example */;
			targetProxy = B1D1EBF02CA2519100AD7FA6 /* PBXContainerItemProxy */;
		};
		B1D1EBFB2CA2519100AD7FA6 /* PBXTargetDependency */ = {
			isa = PBXTargetDependency;
			target = B1D1EBDE2CA2518E00AD7FA6 /* LangTools_Example */;
			targetProxy = B1D1EBFA2CA2519100AD7FA6 /* PBXContainerItemProxy */;
		};
/* End PBXTargetDependency section */

/* Begin XCBuildConfiguration section */
		B1D1EC012CA2519100AD7FA6 /* Debug */ = {
			isa = XCBuildConfiguration;
			buildSettings = {
				ALWAYS_SEARCH_USER_PATHS = NO;
				ASSETCATALOG_COMPILER_GENERATE_SWIFT_ASSET_SYMBOL_EXTENSIONS = YES;
				CLANG_ANALYZER_NONNULL = YES;
				CLANG_ANALYZER_NUMBER_OBJECT_CONVERSION = YES_AGGRESSIVE;
				CLANG_CXX_LANGUAGE_STANDARD = "gnu++20";
				CLANG_ENABLE_MODULES = YES;
				CLANG_ENABLE_OBJC_ARC = YES;
				CLANG_ENABLE_OBJC_WEAK = YES;
				CLANG_WARN_BLOCK_CAPTURE_AUTORELEASING = YES;
				CLANG_WARN_BOOL_CONVERSION = YES;
				CLANG_WARN_COMMA = YES;
				CLANG_WARN_CONSTANT_CONVERSION = YES;
				CLANG_WARN_DEPRECATED_OBJC_IMPLEMENTATIONS = YES;
				CLANG_WARN_DIRECT_OBJC_ISA_USAGE = YES_ERROR;
				CLANG_WARN_DOCUMENTATION_COMMENTS = YES;
				CLANG_WARN_EMPTY_BODY = YES;
				CLANG_WARN_ENUM_CONVERSION = YES;
				CLANG_WARN_INFINITE_RECURSION = YES;
				CLANG_WARN_INT_CONVERSION = YES;
				CLANG_WARN_NON_LITERAL_NULL_CONVERSION = YES;
				CLANG_WARN_OBJC_IMPLICIT_RETAIN_SELF = YES;
				CLANG_WARN_OBJC_LITERAL_CONVERSION = YES;
				CLANG_WARN_OBJC_ROOT_CLASS = YES_ERROR;
				CLANG_WARN_QUOTED_INCLUDE_IN_FRAMEWORK_HEADER = YES;
				CLANG_WARN_RANGE_LOOP_ANALYSIS = YES;
				CLANG_WARN_STRICT_PROTOTYPES = YES;
				CLANG_WARN_SUSPICIOUS_MOVE = YES;
				CLANG_WARN_UNGUARDED_AVAILABILITY = YES_AGGRESSIVE;
				CLANG_WARN_UNREACHABLE_CODE = YES;
				CLANG_WARN__DUPLICATE_METHOD_MATCH = YES;
				COPY_PHASE_STRIP = NO;
				DEBUG_INFORMATION_FORMAT = dwarf;
				ENABLE_STRICT_OBJC_MSGSEND = YES;
				ENABLE_TESTABILITY = YES;
				ENABLE_USER_SCRIPT_SANDBOXING = YES;
				GCC_C_LANGUAGE_STANDARD = gnu17;
				GCC_DYNAMIC_NO_PIC = NO;
				GCC_NO_COMMON_BLOCKS = YES;
				GCC_OPTIMIZATION_LEVEL = 0;
				GCC_PREPROCESSOR_DEFINITIONS = (
					"DEBUG=1",
					"$(inherited)",
				);
				GCC_WARN_64_TO_32_BIT_CONVERSION = YES;
				GCC_WARN_ABOUT_RETURN_TYPE = YES_ERROR;
				GCC_WARN_UNDECLARED_SELECTOR = YES;
				GCC_WARN_UNINITIALIZED_AUTOS = YES_AGGRESSIVE;
				GCC_WARN_UNUSED_FUNCTION = YES;
				GCC_WARN_UNUSED_VARIABLE = YES;
				IPHONEOS_DEPLOYMENT_TARGET = 18.0;
				LOCALIZATION_PREFERS_STRING_CATALOGS = YES;
				MTL_ENABLE_DEBUG_INFO = INCLUDE_SOURCE;
				MTL_FAST_MATH = YES;
				ONLY_ACTIVE_ARCH = YES;
				SDKROOT = iphoneos;
				SWIFT_ACTIVE_COMPILATION_CONDITIONS = "DEBUG $(inherited)";
				SWIFT_OPTIMIZATION_LEVEL = "-Onone";
			};
			name = Debug;
		};
		B1D1EC022CA2519100AD7FA6 /* Release */ = {
			isa = XCBuildConfiguration;
			buildSettings = {
				ALWAYS_SEARCH_USER_PATHS = NO;
				ASSETCATALOG_COMPILER_GENERATE_SWIFT_ASSET_SYMBOL_EXTENSIONS = YES;
				CLANG_ANALYZER_NONNULL = YES;
				CLANG_ANALYZER_NUMBER_OBJECT_CONVERSION = YES_AGGRESSIVE;
				CLANG_CXX_LANGUAGE_STANDARD = "gnu++20";
				CLANG_ENABLE_MODULES = YES;
				CLANG_ENABLE_OBJC_ARC = YES;
				CLANG_ENABLE_OBJC_WEAK = YES;
				CLANG_WARN_BLOCK_CAPTURE_AUTORELEASING = YES;
				CLANG_WARN_BOOL_CONVERSION = YES;
				CLANG_WARN_COMMA = YES;
				CLANG_WARN_CONSTANT_CONVERSION = YES;
				CLANG_WARN_DEPRECATED_OBJC_IMPLEMENTATIONS = YES;
				CLANG_WARN_DIRECT_OBJC_ISA_USAGE = YES_ERROR;
				CLANG_WARN_DOCUMENTATION_COMMENTS = YES;
				CLANG_WARN_EMPTY_BODY = YES;
				CLANG_WARN_ENUM_CONVERSION = YES;
				CLANG_WARN_INFINITE_RECURSION = YES;
				CLANG_WARN_INT_CONVERSION = YES;
				CLANG_WARN_NON_LITERAL_NULL_CONVERSION = YES;
				CLANG_WARN_OBJC_IMPLICIT_RETAIN_SELF = YES;
				CLANG_WARN_OBJC_LITERAL_CONVERSION = YES;
				CLANG_WARN_OBJC_ROOT_CLASS = YES_ERROR;
				CLANG_WARN_QUOTED_INCLUDE_IN_FRAMEWORK_HEADER = YES;
				CLANG_WARN_RANGE_LOOP_ANALYSIS = YES;
				CLANG_WARN_STRICT_PROTOTYPES = YES;
				CLANG_WARN_SUSPICIOUS_MOVE = YES;
				CLANG_WARN_UNGUARDED_AVAILABILITY = YES_AGGRESSIVE;
				CLANG_WARN_UNREACHABLE_CODE = YES;
				CLANG_WARN__DUPLICATE_METHOD_MATCH = YES;
				COPY_PHASE_STRIP = NO;
				DEBUG_INFORMATION_FORMAT = "dwarf-with-dsym";
				ENABLE_NS_ASSERTIONS = NO;
				ENABLE_STRICT_OBJC_MSGSEND = YES;
				ENABLE_USER_SCRIPT_SANDBOXING = YES;
				GCC_C_LANGUAGE_STANDARD = gnu17;
				GCC_NO_COMMON_BLOCKS = YES;
				GCC_WARN_64_TO_32_BIT_CONVERSION = YES;
				GCC_WARN_ABOUT_RETURN_TYPE = YES_ERROR;
				GCC_WARN_UNDECLARED_SELECTOR = YES;
				GCC_WARN_UNINITIALIZED_AUTOS = YES_AGGRESSIVE;
				GCC_WARN_UNUSED_FUNCTION = YES;
				GCC_WARN_UNUSED_VARIABLE = YES;
				IPHONEOS_DEPLOYMENT_TARGET = 18.0;
				LOCALIZATION_PREFERS_STRING_CATALOGS = YES;
				MTL_ENABLE_DEBUG_INFO = NO;
				MTL_FAST_MATH = YES;
				SDKROOT = iphoneos;
				SWIFT_COMPILATION_MODE = wholemodule;
				VALIDATE_PRODUCT = YES;
			};
			name = Release;
		};
		B1D1EC042CA2519100AD7FA6 /* Debug */ = {
			isa = XCBuildConfiguration;
			buildSettings = {
				ASSETCATALOG_COMPILER_APPICON_NAME = AppIcon;
				ASSETCATALOG_COMPILER_GLOBAL_ACCENT_COLOR_NAME = AccentColor;
				CODE_SIGN_ENTITLEMENTS = LangTools_Example/LangTools_Example.entitlements;
				CODE_SIGN_STYLE = Automatic;
				CURRENT_PROJECT_VERSION = 1;
				DEVELOPMENT_TEAM = 82W93M4H92;
				ENABLE_PREVIEWS = YES;
				GENERATE_INFOPLIST_FILE = YES;
				INFOPLIST_FILE = "LangTools-Example-Info.plist";
				INFOPLIST_KEY_CFBundleDisplayName = LangTools.swift;
				INFOPLIST_KEY_LSApplicationCategoryType = "";
				INFOPLIST_KEY_NSCalendarsUsageDescription = "Uses access to read and schedule events on the calendar.";
				INFOPLIST_KEY_NSLocationAlwaysAndWhenInUseUsageDescription = "To let the AI give you directions and have more context about you for more relevant results.";
				INFOPLIST_KEY_NSLocationAlwaysUsageDescription = "To let the AI give you directions and have more context about you for more relevant results.";
				INFOPLIST_KEY_NSMicrophoneUsageDescription = "For voice transcription.";
				INFOPLIST_KEY_NSRemindersUsageDescription = "Uses access to interact with reminders";
				INFOPLIST_KEY_NSSpeechRecognitionUsageDescription = "For voice transcription.";
				INFOPLIST_KEY_UIApplicationSceneManifest_Generation = YES;
				INFOPLIST_KEY_UIApplicationSupportsIndirectInputEvents = YES;
				INFOPLIST_KEY_UILaunchScreen_Generation = YES;
				INFOPLIST_KEY_UISupportedInterfaceOrientations_iPad = "UIInterfaceOrientationPortrait UIInterfaceOrientationPortraitUpsideDown UIInterfaceOrientationLandscapeLeft UIInterfaceOrientationLandscapeRight";
				INFOPLIST_KEY_UISupportedInterfaceOrientations_iPhone = "UIInterfaceOrientationPortrait UIInterfaceOrientationLandscapeLeft UIInterfaceOrientationLandscapeRight";
				LD_RUNPATH_SEARCH_PATHS = (
					"$(inherited)",
					"@executable_path/Frameworks",
				);
				MACOSX_DEPLOYMENT_TARGET = 14.6;
				MARKETING_VERSION = 1.0;
				PRODUCT_BUNDLE_IDENTIFIER = "com.reidchatham.LangTools-Example";
				PRODUCT_NAME = "$(TARGET_NAME)";
				REGISTER_APP_GROUPS = NO;
				SUPPORTED_PLATFORMS = "iphoneos iphonesimulator macosx";
				SUPPORTS_MACCATALYST = NO;
				SUPPORTS_MAC_DESIGNED_FOR_IPHONE_IPAD = NO;
				SWIFT_EMIT_LOC_STRINGS = YES;
				SWIFT_VERSION = 5.0;
				TARGETED_DEVICE_FAMILY = "1,2";
			};
			name = Debug;
		};
		B1D1EC052CA2519100AD7FA6 /* Release */ = {
			isa = XCBuildConfiguration;
			buildSettings = {
				ASSETCATALOG_COMPILER_APPICON_NAME = AppIcon;
				ASSETCATALOG_COMPILER_GLOBAL_ACCENT_COLOR_NAME = AccentColor;
				CODE_SIGN_ENTITLEMENTS = LangTools_Example/LangTools_Example.entitlements;
				CODE_SIGN_STYLE = Automatic;
				CURRENT_PROJECT_VERSION = 1;
				DEVELOPMENT_TEAM = 82W93M4H92;
				ENABLE_PREVIEWS = YES;
				GENERATE_INFOPLIST_FILE = YES;
				INFOPLIST_FILE = "LangTools-Example-Info.plist";
				INFOPLIST_KEY_CFBundleDisplayName = LangTools.swift;
				INFOPLIST_KEY_LSApplicationCategoryType = "";
				INFOPLIST_KEY_NSCalendarsUsageDescription = "Uses access to read and schedule events on the calendar.";
				INFOPLIST_KEY_NSLocationAlwaysAndWhenInUseUsageDescription = "To let the AI give you directions and have more context about you for more relevant results.";
				INFOPLIST_KEY_NSLocationAlwaysUsageDescription = "To let the AI give you directions and have more context about you for more relevant results.";
				INFOPLIST_KEY_NSMicrophoneUsageDescription = "For voice transcription.";
				INFOPLIST_KEY_NSRemindersUsageDescription = "Uses access to interact with reminders";
				INFOPLIST_KEY_NSSpeechRecognitionUsageDescription = "For voice transcription.";
				INFOPLIST_KEY_UIApplicationSceneManifest_Generation = YES;
				INFOPLIST_KEY_UIApplicationSupportsIndirectInputEvents = YES;
				INFOPLIST_KEY_UILaunchScreen_Generation = YES;
				INFOPLIST_KEY_UISupportedInterfaceOrientations_iPad = "UIInterfaceOrientationPortrait UIInterfaceOrientationPortraitUpsideDown UIInterfaceOrientationLandscapeLeft UIInterfaceOrientationLandscapeRight";
				INFOPLIST_KEY_UISupportedInterfaceOrientations_iPhone = "UIInterfaceOrientationPortrait UIInterfaceOrientationLandscapeLeft UIInterfaceOrientationLandscapeRight";
				LD_RUNPATH_SEARCH_PATHS = (
					"$(inherited)",
					"@executable_path/Frameworks",
				);
				MACOSX_DEPLOYMENT_TARGET = 14.6;
				MARKETING_VERSION = 1.0;
				PRODUCT_BUNDLE_IDENTIFIER = "com.reidchatham.LangTools-Example";
				PRODUCT_NAME = "$(TARGET_NAME)";
				REGISTER_APP_GROUPS = NO;
				SUPPORTED_PLATFORMS = "iphoneos iphonesimulator macosx";
				SUPPORTS_MACCATALYST = NO;
				SUPPORTS_MAC_DESIGNED_FOR_IPHONE_IPAD = NO;
				SWIFT_EMIT_LOC_STRINGS = YES;
				SWIFT_VERSION = 5.0;
				TARGETED_DEVICE_FAMILY = "1,2";
			};
			name = Release;
		};
		B1D1EC072CA2519100AD7FA6 /* Debug */ = {
			isa = XCBuildConfiguration;
			buildSettings = {
				BUNDLE_LOADER = "$(TEST_HOST)";
				CODE_SIGN_STYLE = Automatic;
				CURRENT_PROJECT_VERSION = 1;
				DEVELOPMENT_TEAM = 82W93M4H92;
				GENERATE_INFOPLIST_FILE = YES;
				IPHONEOS_DEPLOYMENT_TARGET = 18.0;
				MARKETING_VERSION = 1.0;
				PRODUCT_BUNDLE_IDENTIFIER = "com.reidchatham.LangTools-ExampleTests";
				PRODUCT_NAME = "$(TARGET_NAME)";
				SWIFT_EMIT_LOC_STRINGS = NO;
				SWIFT_VERSION = 5.0;
				TARGETED_DEVICE_FAMILY = "1,2";
				TEST_HOST = "$(BUILT_PRODUCTS_DIR)/LangTools_Example.app/$(BUNDLE_EXECUTABLE_FOLDER_PATH)/LangTools_Example";
			};
			name = Debug;
		};
		B1D1EC082CA2519100AD7FA6 /* Release */ = {
			isa = XCBuildConfiguration;
			buildSettings = {
				BUNDLE_LOADER = "$(TEST_HOST)";
				CODE_SIGN_STYLE = Automatic;
				CURRENT_PROJECT_VERSION = 1;
				DEVELOPMENT_TEAM = 82W93M4H92;
				GENERATE_INFOPLIST_FILE = YES;
				IPHONEOS_DEPLOYMENT_TARGET = 18.0;
				MARKETING_VERSION = 1.0;
				PRODUCT_BUNDLE_IDENTIFIER = "com.reidchatham.LangTools-ExampleTests";
				PRODUCT_NAME = "$(TARGET_NAME)";
				SWIFT_EMIT_LOC_STRINGS = NO;
				SWIFT_VERSION = 5.0;
				TARGETED_DEVICE_FAMILY = "1,2";
				TEST_HOST = "$(BUILT_PRODUCTS_DIR)/LangTools_Example.app/$(BUNDLE_EXECUTABLE_FOLDER_PATH)/LangTools_Example";
			};
			name = Release;
		};
		B1D1EC0A2CA2519100AD7FA6 /* Debug */ = {
			isa = XCBuildConfiguration;
			buildSettings = {
				CODE_SIGN_STYLE = Automatic;
				CURRENT_PROJECT_VERSION = 1;
				DEVELOPMENT_TEAM = 82W93M4H92;
				GENERATE_INFOPLIST_FILE = YES;
				MARKETING_VERSION = 1.0;
				PRODUCT_BUNDLE_IDENTIFIER = "com.reidchatham.LangTools-ExampleUITests";
				PRODUCT_NAME = "$(TARGET_NAME)";
				SWIFT_EMIT_LOC_STRINGS = NO;
				SWIFT_VERSION = 5.0;
				TARGETED_DEVICE_FAMILY = "1,2";
				TEST_TARGET_NAME = LangTools_Example;
			};
			name = Debug;
		};
		B1D1EC0B2CA2519100AD7FA6 /* Release */ = {
			isa = XCBuildConfiguration;
			buildSettings = {
				CODE_SIGN_STYLE = Automatic;
				CURRENT_PROJECT_VERSION = 1;
				DEVELOPMENT_TEAM = 82W93M4H92;
				GENERATE_INFOPLIST_FILE = YES;
				MARKETING_VERSION = 1.0;
				PRODUCT_BUNDLE_IDENTIFIER = "com.reidchatham.LangTools-ExampleUITests";
				PRODUCT_NAME = "$(TARGET_NAME)";
				SWIFT_EMIT_LOC_STRINGS = NO;
				SWIFT_VERSION = 5.0;
				TARGETED_DEVICE_FAMILY = "1,2";
				TEST_TARGET_NAME = LangTools_Example;
			};
			name = Release;
		};
/* End XCBuildConfiguration section */

/* Begin XCConfigurationList section */
		B1D1EBDA2CA2518E00AD7FA6 /* Build configuration list for PBXProject "LangTools_Example" */ = {
			isa = XCConfigurationList;
			buildConfigurations = (
				B1D1EC012CA2519100AD7FA6 /* Debug */,
				B1D1EC022CA2519100AD7FA6 /* Release */,
			);
			defaultConfigurationIsVisible = 0;
			defaultConfigurationName = Release;
		};
		B1D1EC032CA2519100AD7FA6 /* Build configuration list for PBXNativeTarget "LangTools_Example" */ = {
			isa = XCConfigurationList;
			buildConfigurations = (
				B1D1EC042CA2519100AD7FA6 /* Debug */,
				B1D1EC052CA2519100AD7FA6 /* Release */,
			);
			defaultConfigurationIsVisible = 0;
			defaultConfigurationName = Release;
		};
		B1D1EC062CA2519100AD7FA6 /* Build configuration list for PBXNativeTarget "LangTools_ExampleTests" */ = {
			isa = XCConfigurationList;
			buildConfigurations = (
				B1D1EC072CA2519100AD7FA6 /* Debug */,
				B1D1EC082CA2519100AD7FA6 /* Release */,
			);
			defaultConfigurationIsVisible = 0;
			defaultConfigurationName = Release;
		};
		B1D1EC092CA2519100AD7FA6 /* Build configuration list for PBXNativeTarget "LangTools_ExampleUITests" */ = {
			isa = XCConfigurationList;
			buildConfigurations = (
				B1D1EC0A2CA2519100AD7FA6 /* Debug */,
				B1D1EC0B2CA2519100AD7FA6 /* Release */,
			);
			defaultConfigurationIsVisible = 0;
			defaultConfigurationName = Release;
		};
/* End XCConfigurationList section */

/* Begin XCLocalSwiftPackageReference section */
		B181AE832F0C3945001DAA40 /* XCLocalSwiftPackageReference "../../../LangTools.swift" */ = {
			isa = XCLocalSwiftPackageReference;
			relativePath = ../../../LangTools.swift;
		};
		B181AE862F0C8048001DAA40 /* XCLocalSwiftPackageReference "../../../ChatUI" */ = {
			isa = XCLocalSwiftPackageReference;
			relativePath = ../../../ChatUI;
		};
		B19FD1AC2DD6835000E7BEB5 /* XCLocalSwiftPackageReference "../LangTools_Example" */ = {
			isa = XCLocalSwiftPackageReference;
			relativePath = ../LangTools_Example;
		};
/* End XCLocalSwiftPackageReference section */

/* Begin XCSwiftPackageProductDependency section */
		B181AE842F0C3945001DAA40 /* AppleSpeech */ = {
			isa = XCSwiftPackageProductDependency;
			productName = AppleSpeech;
		};
		B181AE872F0C8048001DAA40 /* ChatUI */ = {
			isa = XCSwiftPackageProductDependency;
			productName = ChatUI;
		};
		B181AE9F2F1065F1001DAA40 /* Audio */ = {
			isa = XCSwiftPackageProductDependency;
			package = B19FD1AC2DD6835000E7BEB5 /* XCLocalSwiftPackageReference "../LangTools_Example" */;
			productName = Audio;
		};
		B19FD1AD2DD6835000E7BEB5 /* Chat */ = {
			isa = XCSwiftPackageProductDependency;
			productName = Chat;
		};
		B19FD1CF2DD68BFD00E7BEB5 /* ExampleAgents */ = {
			isa = XCSwiftPackageProductDependency;
			package = B19FD1AC2DD6835000E7BEB5 /* XCLocalSwiftPackageReference "../LangTools_Example" */;
			productName = ExampleAgents;
		};
		B1E36A9D2D722E80007CB6B5 /* ChatUI */ = {
			isa = XCSwiftPackageProductDependency;
			productName = ChatUI;
		};
/* End XCSwiftPackageProductDependency section */
	};
	rootObject = B1D1EBD72CA2518E00AD7FA6 /* Project object */;
}
