// !$*UTF8*$!
{
	archiveVersion = 1;
	classes = {
	};
	objectVersion = 77;
	objects = {

/* Begin PBXBuildFile section */
		B1893C6D2D575D5000784929 /* Agents in Frameworks */ = {isa = PBXBuildFile; productRef = B1893C6C2D575D5000784929 /* Agents */; };
		B19586DB2CD40C6900843DF5 /* Anthropic in Frameworks */ = {isa = PBXBuildFile; productRef = B19586DA2CD40C6900843DF5 /* Anthropic */; };
		B19586DD2CD40C6900843DF5 /* LangTools in Frameworks */ = {isa = PBXBuildFile; productRef = B19586DC2CD40C6900843DF5 /* LangTools */; };
		B19586DF2CD40C6900843DF5 /* OpenAI in Frameworks */ = {isa = PBXBuildFile; productRef = B19586DE2CD40C6900843DF5 /* OpenAI */; };
		B1D1EC722CA31C5F00AD7FA6 /* KeychainAccess in Frameworks */ = {isa = PBXBuildFile; productRef = B1D1EC712CA31C5F00AD7FA6 /* KeychainAccess */; };
		B1E419EF2D44C7830082C763 /* Anthropic in Frameworks */ = {isa = PBXBuildFile; productRef = B1E419EE2D44C7830082C763 /* Anthropic */; };
		B1E419F12D44C7830082C763 /* Gemini in Frameworks */ = {isa = PBXBuildFile; productRef = B1E419F02D44C7830082C763 /* Gemini */; };
		B1E419F32D44C7830082C763 /* LangTools in Frameworks */ = {isa = PBXBuildFile; productRef = B1E419F22D44C7830082C763 /* LangTools */; };
		B1E419F52D44C7830082C763 /* Ollama in Frameworks */ = {isa = PBXBuildFile; productRef = B1E419F42D44C7830082C763 /* Ollama */; };
		B1E419F72D44C7830082C763 /* OpenAI in Frameworks */ = {isa = PBXBuildFile; productRef = B1E419F62D44C7830082C763 /* OpenAI */; };
		B1E41A0A2D46B4B80082C763 /* XAI in Frameworks */ = {isa = PBXBuildFile; productRef = B1E41A092D46B4B80082C763 /* XAI */; };
/* End PBXBuildFile section */

/* Begin PBXContainerItemProxy section */
		B1D1EBF02CA2519100AD7FA6 /* PBXContainerItemProxy */ = {
			isa = PBXContainerItemProxy;
			containerPortal = B1D1EBD72CA2518E00AD7FA6 /* Project object */;
			proxyType = 1;
			remoteGlobalIDString = B1D1EBDE2CA2518E00AD7FA6;
			remoteInfo = LangTools_Example;
		};
		B1D1EBFA2CA2519100AD7FA6 /* PBXContainerItemProxy */ = {
			isa = PBXContainerItemProxy;
			containerPortal = B1D1EBD72CA2518E00AD7FA6 /* Project object */;
			proxyType = 1;
			remoteGlobalIDString = B1D1EBDE2CA2518E00AD7FA6;
			remoteInfo = LangTools_Example;
		};
/* End PBXContainerItemProxy section */

/* Begin PBXFileReference section */
		B1D1EBDF2CA2518F00AD7FA6 /* LangTools_Example.app */ = {isa = PBXFileReference; explicitFileType = wrapper.application; includeInIndex = 0; path = LangTools_Example.app; sourceTree = BUILT_PRODUCTS_DIR; };
		B1D1EBEF2CA2519100AD7FA6 /* LangTools_ExampleTests.xctest */ = {isa = PBXFileReference; explicitFileType = wrapper.cfbundle; includeInIndex = 0; path = LangTools_ExampleTests.xctest; sourceTree = BUILT_PRODUCTS_DIR; };
		B1D1EBF92CA2519100AD7FA6 /* LangTools_ExampleUITests.xctest */ = {isa = PBXFileReference; explicitFileType = wrapper.cfbundle; includeInIndex = 0; path = LangTools_ExampleUITests.xctest; sourceTree = BUILT_PRODUCTS_DIR; };
/* End PBXFileReference section */

/* Begin PBXFileSystemSynchronizedRootGroup section */
		B1D1EBE12CA2518F00AD7FA6 /* LangTools_Example */ = {
			isa = PBXFileSystemSynchronizedRootGroup;
			path = LangTools_Example;
			sourceTree = "<group>";
		};
		B1D1EBF22CA2519100AD7FA6 /* LangTools_ExampleTests */ = {
			isa = PBXFileSystemSynchronizedRootGroup;
			path = LangTools_ExampleTests;
			sourceTree = "<group>";
		};
		B1D1EBFC2CA2519100AD7FA6 /* LangTools_ExampleUITests */ = {
			isa = PBXFileSystemSynchronizedRootGroup;
			path = LangTools_ExampleUITests;
			sourceTree = "<group>";
		};
/* End PBXFileSystemSynchronizedRootGroup section */

/* Begin PBXFrameworksBuildPhase section */
		B1D1EBDC2CA2518E00AD7FA6 /* Frameworks */ = {
			isa = PBXFrameworksBuildPhase;
			buildActionMask = 2147483647;
			files = (
				B19586DD2CD40C6900843DF5 /* LangTools in Frameworks */,
				B1E41A0A2D46B4B80082C763 /* XAI in Frameworks */,
				B1D1EC722CA31C5F00AD7FA6 /* KeychainAccess in Frameworks */,
				B1E419F32D44C7830082C763 /* LangTools in Frameworks */,
				B19586DF2CD40C6900843DF5 /* OpenAI in Frameworks */,
				B1893C6D2D575D5000784929 /* Agents in Frameworks */,
				B1E419F52D44C7830082C763 /* Ollama in Frameworks */,
				B1E419F12D44C7830082C763 /* Gemini in Frameworks */,
				B19586DB2CD40C6900843DF5 /* Anthropic in Frameworks */,
				B1E419F72D44C7830082C763 /* OpenAI in Frameworks */,
				B1E419EF2D44C7830082C763 /* Anthropic in Frameworks */,
			);
			runOnlyForDeploymentPostprocessing = 0;
		};
		B1D1EBEC2CA2519100AD7FA6 /* Frameworks */ = {
			isa = PBXFrameworksBuildPhase;
			buildActionMask = 2147483647;
			files = (
			);
			runOnlyForDeploymentPostprocessing = 0;
		};
		B1D1EBF62CA2519100AD7FA6 /* Frameworks */ = {
			isa = PBXFrameworksBuildPhase;
			buildActionMask = 2147483647;
			files = (
			);
			runOnlyForDeploymentPostprocessing = 0;
		};
/* End PBXFrameworksBuildPhase section */

/* Begin PBXGroup section */
		B1D1EBD62CA2518E00AD7FA6 = {
			isa = PBXGroup;
			children = (
				B1D1EBE12CA2518F00AD7FA6 /* LangTools_Example */,
				B1D1EBF22CA2519100AD7FA6 /* LangTools_ExampleTests */,
				B1D1EBFC2CA2519100AD7FA6 /* LangTools_ExampleUITests */,
				B1E289D32D192BE200A1C327 /* Frameworks */,
				B1D1EBE02CA2518F00AD7FA6 /* Products */,
			);
			sourceTree = "<group>";
		};
		B1D1EBE02CA2518F00AD7FA6 /* Products */ = {
			isa = PBXGroup;
			children = (
				B1D1EBDF2CA2518F00AD7FA6 /* LangTools_Example.app */,
				B1D1EBEF2CA2519100AD7FA6 /* LangTools_ExampleTests.xctest */,
				B1D1EBF92CA2519100AD7FA6 /* LangTools_ExampleUITests.xctest */,
			);
			name = Products;
			sourceTree = "<group>";
		};
		B1E289D32D192BE200A1C327 /* Frameworks */ = {
			isa = PBXGroup;
			children = (
			);
			name = Frameworks;
			sourceTree = "<group>";
		};
/* End PBXGroup section */

/* Begin PBXNativeTarget section */
		B1D1EBDE2CA2518E00AD7FA6 /* LangTools_Example */ = {
			isa = PBXNativeTarget;
			buildConfigurationList = B1D1EC032CA2519100AD7FA6 /* Build configuration list for PBXNativeTarget "LangTools_Example" */;
			buildPhases = (
				B1D1EBDB2CA2518E00AD7FA6 /* Sources */,
				B1D1EBDC2CA2518E00AD7FA6 /* Frameworks */,
				B1D1EBDD2CA2518E00AD7FA6 /* Resources */,
			);
			buildRules = (
			);
			dependencies = (
			);
			fileSystemSynchronizedGroups = (
				B1D1EBE12CA2518F00AD7FA6 /* LangTools_Example */,
			);
			name = LangTools_Example;
			packageProductDependencies = (
				B1D1EC712CA31C5F00AD7FA6 /* KeychainAccess */,
				B19586DA2CD40C6900843DF5 /* Anthropic */,
				B19586DC2CD40C6900843DF5 /* LangTools */,
				B19586DE2CD40C6900843DF5 /* OpenAI */,
				B1E419EE2D44C7830082C763 /* Anthropic */,
				B1E419F02D44C7830082C763 /* Gemini */,
				B1E419F22D44C7830082C763 /* LangTools */,
				B1E419F42D44C7830082C763 /* Ollama */,
				B1E419F62D44C7830082C763 /* OpenAI */,
				B1E41A092D46B4B80082C763 /* XAI */,
				B1893C6C2D575D5000784929 /* Agents */,
			);
			productName = LangTools_Example;
			productReference = B1D1EBDF2CA2518F00AD7FA6 /* LangTools_Example.app */;
			productType = "com.apple.product-type.application";
		};
		B1D1EBEE2CA2519100AD7FA6 /* LangTools_ExampleTests */ = {
			isa = PBXNativeTarget;
			buildConfigurationList = B1D1EC062CA2519100AD7FA6 /* Build configuration list for PBXNativeTarget "LangTools_ExampleTests" */;
			buildPhases = (
				B1D1EBEB2CA2519100AD7FA6 /* Sources */,
				B1D1EBEC2CA2519100AD7FA6 /* Frameworks */,
				B1D1EBED2CA2519100AD7FA6 /* Resources */,
			);
			buildRules = (
			);
			dependencies = (
				B1D1EBF12CA2519100AD7FA6 /* PBXTargetDependency */,
			);
			fileSystemSynchronizedGroups = (
				B1D1EBF22CA2519100AD7FA6 /* LangTools_ExampleTests */,
			);
			name = LangTools_ExampleTests;
			packageProductDependencies = (
			);
			productName = LangTools_ExampleTests;
			productReference = B1D1EBEF2CA2519100AD7FA6 /* LangTools_ExampleTests.xctest */;
			productType = "com.apple.product-type.bundle.unit-test";
		};
		B1D1EBF82CA2519100AD7FA6 /* LangTools_ExampleUITests */ = {
			isa = PBXNativeTarget;
			buildConfigurationList = B1D1EC092CA2519100AD7FA6 /* Build configuration list for PBXNativeTarget "LangTools_ExampleUITests" */;
			buildPhases = (
				B1D1EBF52CA2519100AD7FA6 /* Sources */,
				B1D1EBF62CA2519100AD7FA6 /* Frameworks */,
				B1D1EBF72CA2519100AD7FA6 /* Resources */,
			);
			buildRules = (
			);
			dependencies = (
				B1D1EBFB2CA2519100AD7FA6 /* PBXTargetDependency */,
			);
			fileSystemSynchronizedGroups = (
				B1D1EBFC2CA2519100AD7FA6 /* LangTools_ExampleUITests */,
			);
			name = LangTools_ExampleUITests;
			packageProductDependencies = (
			);
			productName = LangTools_ExampleUITests;
			productReference = B1D1EBF92CA2519100AD7FA6 /* LangTools_ExampleUITests.xctest */;
			productType = "com.apple.product-type.bundle.ui-testing";
		};
/* End PBXNativeTarget section */

/* Begin PBXProject section */
		B1D1EBD72CA2518E00AD7FA6 /* Project object */ = {
			isa = PBXProject;
			attributes = {
				BuildIndependentTargetsInParallel = 1;
				LastSwiftUpdateCheck = 1600;
				LastUpgradeCheck = 1600;
				TargetAttributes = {
					B1D1EBDE2CA2518E00AD7FA6 = {
						CreatedOnToolsVersion = 16.0;
					};
					B1D1EBEE2CA2519100AD7FA6 = {
						CreatedOnToolsVersion = 16.0;
						TestTargetID = B1D1EBDE2CA2518E00AD7FA6;
					};
					B1D1EBF82CA2519100AD7FA6 = {
						CreatedOnToolsVersion = 16.0;
						TestTargetID = B1D1EBDE2CA2518E00AD7FA6;
					};
				};
			};
			buildConfigurationList = B1D1EBDA2CA2518E00AD7FA6 /* Build configuration list for PBXProject "LangTools_Example" */;
			developmentRegion = en;
			hasScannedForEncodings = 0;
			knownRegions = (
				en,
				Base,
			);
			mainGroup = B1D1EBD62CA2518E00AD7FA6;
			minimizedProjectReferenceProxies = 1;
			packageReferences = (
				B1D1EC702CA31C5F00AD7FA6 /* XCRemoteSwiftPackageReference "KeychainAccess" */,
				B1E419ED2D44C7830082C763 /* XCLocalSwiftPackageReference "../../../LangTools.swift" */,
			);
			preferredProjectObjectVersion = 77;
			productRefGroup = B1D1EBE02CA2518F00AD7FA6 /* Products */;
			projectDirPath = "";
			projectRoot = "";
			targets = (
				B1D1EBDE2CA2518E00AD7FA6 /* LangTools_Example */,
				B1D1EBEE2CA2519100AD7FA6 /* LangTools_ExampleTests */,
				B1D1EBF82CA2519100AD7FA6 /* LangTools_ExampleUITests */,
			);
		};
/* End PBXProject section */

/* Begin PBXResourcesBuildPhase section */
		B1D1EBDD2CA2518E00AD7FA6 /* Resources */ = {
			isa = PBXResourcesBuildPhase;
			buildActionMask = 2147483647;
			files = (
			);
			runOnlyForDeploymentPostprocessing = 0;
		};
		B1D1EBED2CA2519100AD7FA6 /* Resources */ = {
			isa = PBXResourcesBuildPhase;
			buildActionMask = 2147483647;
			files = (
			);
			runOnlyForDeploymentPostprocessing = 0;
		};
		B1D1EBF72CA2519100AD7FA6 /* Resources */ = {
			isa = PBXResourcesBuildPhase;
			buildActionMask = 2147483647;
			files = (
			);
			runOnlyForDeploymentPostprocessing = 0;
		};
/* End PBXResourcesBuildPhase section */

/* Begin PBXSourcesBuildPhase section */
		B1D1EBDB2CA2518E00AD7FA6 /* Sources */ = {
			isa = PBXSourcesBuildPhase;
			buildActionMask = 2147483647;
			files = (
			);
			runOnlyForDeploymentPostprocessing = 0;
		};
		B1D1EBEB2CA2519100AD7FA6 /* Sources */ = {
			isa = PBXSourcesBuildPhase;
			buildActionMask = 2147483647;
			files = (
			);
			runOnlyForDeploymentPostprocessing = 0;
		};
		B1D1EBF52CA2519100AD7FA6 /* Sources */ = {
			isa = PBXSourcesBuildPhase;
			buildActionMask = 2147483647;
			files = (
			);
			runOnlyForDeploymentPostprocessing = 0;
		};
/* End PBXSourcesBuildPhase section */

/* Begin PBXTargetDependency section */
		B1D1EBF12CA2519100AD7FA6 /* PBXTargetDependency */ = {
			isa = PBXTargetDependency;
			target = B1D1EBDE2CA2518E00AD7FA6 /* LangTools_Example */;
			targetProxy = B1D1EBF02CA2519100AD7FA6 /* PBXContainerItemProxy */;
		};
		B1D1EBFB2CA2519100AD7FA6 /* PBXTargetDependency */ = {
			isa = PBXTargetDependency;
			target = B1D1EBDE2CA2518E00AD7FA6 /* LangTools_Example */;
			targetProxy = B1D1EBFA2CA2519100AD7FA6 /* PBXContainerItemProxy */;
		};
/* End PBXTargetDependency section */

/* Begin XCBuildConfiguration section */
		B1D1EC012CA2519100AD7FA6 /* Debug */ = {
			isa = XCBuildConfiguration;
			buildSettings = {
				ALWAYS_SEARCH_USER_PATHS = NO;
				ASSETCATALOG_COMPILER_GENERATE_SWIFT_ASSET_SYMBOL_EXTENSIONS = YES;
				CLANG_ANALYZER_NONNULL = YES;
				CLANG_ANALYZER_NUMBER_OBJECT_CONVERSION = YES_AGGRESSIVE;
				CLANG_CXX_LANGUAGE_STANDARD = "gnu++20";
				CLANG_ENABLE_MODULES = YES;
				CLANG_ENABLE_OBJC_ARC = YES;
				CLANG_ENABLE_OBJC_WEAK = YES;
				CLANG_WARN_BLOCK_CAPTURE_AUTORELEASING = YES;
				CLANG_WARN_BOOL_CONVERSION = YES;
				CLANG_WARN_COMMA = YES;
				CLANG_WARN_CONSTANT_CONVERSION = YES;
				CLANG_WARN_DEPRECATED_OBJC_IMPLEMENTATIONS = YES;
				CLANG_WARN_DIRECT_OBJC_ISA_USAGE = YES_ERROR;
				CLANG_WARN_DOCUMENTATION_COMMENTS = YES;
				CLANG_WARN_EMPTY_BODY = YES;
				CLANG_WARN_ENUM_CONVERSION = YES;
				CLANG_WARN_INFINITE_RECURSION = YES;
				CLANG_WARN_INT_CONVERSION = YES;
				CLANG_WARN_NON_LITERAL_NULL_CONVERSION = YES;
				CLANG_WARN_OBJC_IMPLICIT_RETAIN_SELF = YES;
				CLANG_WARN_OBJC_LITERAL_CONVERSION = YES;
				CLANG_WARN_OBJC_ROOT_CLASS = YES_ERROR;
				CLANG_WARN_QUOTED_INCLUDE_IN_FRAMEWORK_HEADER = YES;
				CLANG_WARN_RANGE_LOOP_ANALYSIS = YES;
				CLANG_WARN_STRICT_PROTOTYPES = YES;
				CLANG_WARN_SUSPICIOUS_MOVE = YES;
				CLANG_WARN_UNGUARDED_AVAILABILITY = YES_AGGRESSIVE;
				CLANG_WARN_UNREACHABLE_CODE = YES;
				CLANG_WARN__DUPLICATE_METHOD_MATCH = YES;
				COPY_PHASE_STRIP = NO;
				DEBUG_INFORMATION_FORMAT = dwarf;
				ENABLE_STRICT_OBJC_MSGSEND = YES;
				ENABLE_TESTABILITY = YES;
				ENABLE_USER_SCRIPT_SANDBOXING = YES;
				GCC_C_LANGUAGE_STANDARD = gnu17;
				GCC_DYNAMIC_NO_PIC = NO;
				GCC_NO_COMMON_BLOCKS = YES;
				GCC_OPTIMIZATION_LEVEL = 0;
				GCC_PREPROCESSOR_DEFINITIONS = (
					"DEBUG=1",
					"$(inherited)",
				);
				GCC_WARN_64_TO_32_BIT_CONVERSION = YES;
				GCC_WARN_ABOUT_RETURN_TYPE = YES_ERROR;
				GCC_WARN_UNDECLARED_SELECTOR = YES;
				GCC_WARN_UNINITIALIZED_AUTOS = YES_AGGRESSIVE;
				GCC_WARN_UNUSED_FUNCTION = YES;
				GCC_WARN_UNUSED_VARIABLE = YES;
				IPHONEOS_DEPLOYMENT_TARGET = 18.0;
				LOCALIZATION_PREFERS_STRING_CATALOGS = YES;
				MTL_ENABLE_DEBUG_INFO = INCLUDE_SOURCE;
				MTL_FAST_MATH = YES;
				ONLY_ACTIVE_ARCH = YES;
				SDKROOT = iphoneos;
				SWIFT_ACTIVE_COMPILATION_CONDITIONS = "DEBUG $(inherited)";
				SWIFT_OPTIMIZATION_LEVEL = "-Onone";
			};
			name = Debug;
		};
		B1D1EC022CA2519100AD7FA6 /* Release */ = {
			isa = XCBuildConfiguration;
			buildSettings = {
				ALWAYS_SEARCH_USER_PATHS = NO;
				ASSETCATALOG_COMPILER_GENERATE_SWIFT_ASSET_SYMBOL_EXTENSIONS = YES;
				CLANG_ANALYZER_NONNULL = YES;
				CLANG_ANALYZER_NUMBER_OBJECT_CONVERSION = YES_AGGRESSIVE;
				CLANG_CXX_LANGUAGE_STANDARD = "gnu++20";
				CLANG_ENABLE_MODULES = YES;
				CLANG_ENABLE_OBJC_ARC = YES;
				CLANG_ENABLE_OBJC_WEAK = YES;
				CLANG_WARN_BLOCK_CAPTURE_AUTORELEASING = YES;
				CLANG_WARN_BOOL_CONVERSION = YES;
				CLANG_WARN_COMMA = YES;
				CLANG_WARN_CONSTANT_CONVERSION = YES;
				CLANG_WARN_DEPRECATED_OBJC_IMPLEMENTATIONS = YES;
				CLANG_WARN_DIRECT_OBJC_ISA_USAGE = YES_ERROR;
				CLANG_WARN_DOCUMENTATION_COMMENTS = YES;
				CLANG_WARN_EMPTY_BODY = YES;
				CLANG_WARN_ENUM_CONVERSION = YES;
				CLANG_WARN_INFINITE_RECURSION = YES;
				CLANG_WARN_INT_CONVERSION = YES;
				CLANG_WARN_NON_LITERAL_NULL_CONVERSION = YES;
				CLANG_WARN_OBJC_IMPLICIT_RETAIN_SELF = YES;
				CLANG_WARN_OBJC_LITERAL_CONVERSION = YES;
				CLANG_WARN_OBJC_ROOT_CLASS = YES_ERROR;
				CLANG_WARN_QUOTED_INCLUDE_IN_FRAMEWORK_HEADER = YES;
				CLANG_WARN_RANGE_LOOP_ANALYSIS = YES;
				CLANG_WARN_STRICT_PROTOTYPES = YES;
				CLANG_WARN_SUSPICIOUS_MOVE = YES;
				CLANG_WARN_UNGUARDED_AVAILABILITY = YES_AGGRESSIVE;
				CLANG_WARN_UNREACHABLE_CODE = YES;
				CLANG_WARN__DUPLICATE_METHOD_MATCH = YES;
				COPY_PHASE_STRIP = NO;
				DEBUG_INFORMATION_FORMAT = "dwarf-with-dsym";
				ENABLE_NS_ASSERTIONS = NO;
				ENABLE_STRICT_OBJC_MSGSEND = YES;
				ENABLE_USER_SCRIPT_SANDBOXING = YES;
				GCC_C_LANGUAGE_STANDARD = gnu17;
				GCC_NO_COMMON_BLOCKS = YES;
				GCC_WARN_64_TO_32_BIT_CONVERSION = YES;
				GCC_WARN_ABOUT_RETURN_TYPE = YES_ERROR;
				GCC_WARN_UNDECLARED_SELECTOR = YES;
				GCC_WARN_UNINITIALIZED_AUTOS = YES_AGGRESSIVE;
				GCC_WARN_UNUSED_FUNCTION = YES;
				GCC_WARN_UNUSED_VARIABLE = YES;
				IPHONEOS_DEPLOYMENT_TARGET = 18.0;
				LOCALIZATION_PREFERS_STRING_CATALOGS = YES;
				MTL_ENABLE_DEBUG_INFO = NO;
				MTL_FAST_MATH = YES;
				SDKROOT = iphoneos;
				SWIFT_COMPILATION_MODE = wholemodule;
				VALIDATE_PRODUCT = YES;
			};
			name = Release;
		};
		B1D1EC042CA2519100AD7FA6 /* Debug */ = {
			isa = XCBuildConfiguration;
			buildSettings = {
				ASSETCATALOG_COMPILER_APPICON_NAME = AppIcon;
				ASSETCATALOG_COMPILER_GLOBAL_ACCENT_COLOR_NAME = AccentColor;
				CODE_SIGN_ENTITLEMENTS = LangTools_Example/LangTools_Example.entitlements;
				CODE_SIGN_STYLE = Automatic;
				CURRENT_PROJECT_VERSION = 1;
				DEVELOPMENT_TEAM = 82W93M4H92;
				ENABLE_PREVIEWS = YES;
				GENERATE_INFOPLIST_FILE = YES;
				INFOPLIST_FILE = "LangTools-Example-Info.plist";
				INFOPLIST_KEY_CFBundleDisplayName = LangTools.swift;
				INFOPLIST_KEY_NSCalendarsUsageDescription = "Uses access to read and schedule events on the calendar.";
				INFOPLIST_KEY_NSRemindersUsageDescription = "Uses access to interact with reminders";
				INFOPLIST_KEY_UIApplicationSceneManifest_Generation = YES;
				INFOPLIST_KEY_UIApplicationSupportsIndirectInputEvents = YES;
				INFOPLIST_KEY_UILaunchScreen_Generation = YES;
				INFOPLIST_KEY_UISupportedInterfaceOrientations_iPad = "UIInterfaceOrientationPortrait UIInterfaceOrientationPortraitUpsideDown UIInterfaceOrientationLandscapeLeft UIInterfaceOrientationLandscapeRight";
				INFOPLIST_KEY_UISupportedInterfaceOrientations_iPhone = "UIInterfaceOrientationPortrait UIInterfaceOrientationLandscapeLeft UIInterfaceOrientationLandscapeRight";
				LD_RUNPATH_SEARCH_PATHS = (
					"$(inherited)",
					"@executable_path/Frameworks",
				);
				MACOSX_DEPLOYMENT_TARGET = 14.6;
				MARKETING_VERSION = 1.0;
				PRODUCT_BUNDLE_IDENTIFIER = "com.reidchatham.LangTools-Example";
				PRODUCT_NAME = "$(TARGET_NAME)";
				REGISTER_APP_GROUPS = NO;
				SUPPORTED_PLATFORMS = "iphoneos iphonesimulator macosx";
				SUPPORTS_MACCATALYST = NO;
				SUPPORTS_MAC_DESIGNED_FOR_IPHONE_IPAD = NO;
				SWIFT_EMIT_LOC_STRINGS = YES;
				SWIFT_VERSION = 5.0;
				TARGETED_DEVICE_FAMILY = "1,2";
			};
			name = Debug;
		};
		B1D1EC052CA2519100AD7FA6 /* Release */ = {
			isa = XCBuildConfiguration;
			buildSettings = {
				ASSETCATALOG_COMPILER_APPICON_NAME = AppIcon;
				ASSETCATALOG_COMPILER_GLOBAL_ACCENT_COLOR_NAME = AccentColor;
				CODE_SIGN_ENTITLEMENTS = LangTools_Example/LangTools_Example.entitlements;
				CODE_SIGN_STYLE = Automatic;
				CURRENT_PROJECT_VERSION = 1;
				DEVELOPMENT_TEAM = 82W93M4H92;
				ENABLE_PREVIEWS = YES;
				GENERATE_INFOPLIST_FILE = YES;
				INFOPLIST_FILE = "LangTools-Example-Info.plist";
				INFOPLIST_KEY_CFBundleDisplayName = LangTools.swift;
				INFOPLIST_KEY_NSCalendarsUsageDescription = "Uses access to read and schedule events on the calendar.";
				INFOPLIST_KEY_NSRemindersUsageDescription = "Uses access to interact with reminders";
				INFOPLIST_KEY_UIApplicationSceneManifest_Generation = YES;
				INFOPLIST_KEY_UIApplicationSupportsIndirectInputEvents = YES;
				INFOPLIST_KEY_UILaunchScreen_Generation = YES;
				INFOPLIST_KEY_UISupportedInterfaceOrientations_iPad = "UIInterfaceOrientationPortrait UIInterfaceOrientationPortraitUpsideDown UIInterfaceOrientationLandscapeLeft UIInterfaceOrientationLandscapeRight";
				INFOPLIST_KEY_UISupportedInterfaceOrientations_iPhone = "UIInterfaceOrientationPortrait UIInterfaceOrientationLandscapeLeft UIInterfaceOrientationLandscapeRight";
				LD_RUNPATH_SEARCH_PATHS = (
					"$(inherited)",
					"@executable_path/Frameworks",
				);
				MACOSX_DEPLOYMENT_TARGET = 14.6;
				MARKETING_VERSION = 1.0;
				PRODUCT_BUNDLE_IDENTIFIER = "com.reidchatham.LangTools-Example";
				PRODUCT_NAME = "$(TARGET_NAME)";
				REGISTER_APP_GROUPS = NO;
				SUPPORTED_PLATFORMS = "iphoneos iphonesimulator macosx";
				SUPPORTS_MACCATALYST = NO;
				SUPPORTS_MAC_DESIGNED_FOR_IPHONE_IPAD = NO;
				SWIFT_EMIT_LOC_STRINGS = YES;
				SWIFT_VERSION = 5.0;
				TARGETED_DEVICE_FAMILY = "1,2";
			};
			name = Release;
		};
		B1D1EC072CA2519100AD7FA6 /* Debug */ = {
			isa = XCBuildConfiguration;
			buildSettings = {
				BUNDLE_LOADER = "$(TEST_HOST)";
				CODE_SIGN_STYLE = Automatic;
				CURRENT_PROJECT_VERSION = 1;
				DEVELOPMENT_TEAM = 82W93M4H92;
				GENERATE_INFOPLIST_FILE = YES;
				IPHONEOS_DEPLOYMENT_TARGET = 18.0;
				MARKETING_VERSION = 1.0;
				PRODUCT_BUNDLE_IDENTIFIER = "com.reidchatham.LangTools-ExampleTests";
				PRODUCT_NAME = "$(TARGET_NAME)";
				SWIFT_EMIT_LOC_STRINGS = NO;
				SWIFT_VERSION = 5.0;
				TARGETED_DEVICE_FAMILY = "1,2";
				TEST_HOST = "$(BUILT_PRODUCTS_DIR)/LangTools_Example.app/$(BUNDLE_EXECUTABLE_FOLDER_PATH)/LangTools_Example";
			};
			name = Debug;
		};
		B1D1EC082CA2519100AD7FA6 /* Release */ = {
			isa = XCBuildConfiguration;
			buildSettings = {
				BUNDLE_LOADER = "$(TEST_HOST)";
				CODE_SIGN_STYLE = Automatic;
				CURRENT_PROJECT_VERSION = 1;
				DEVELOPMENT_TEAM = 82W93M4H92;
				GENERATE_INFOPLIST_FILE = YES;
				IPHONEOS_DEPLOYMENT_TARGET = 18.0;
				MARKETING_VERSION = 1.0;
				PRODUCT_BUNDLE_IDENTIFIER = "com.reidchatham.LangTools-ExampleTests";
				PRODUCT_NAME = "$(TARGET_NAME)";
				SWIFT_EMIT_LOC_STRINGS = NO;
				SWIFT_VERSION = 5.0;
				TARGETED_DEVICE_FAMILY = "1,2";
				TEST_HOST = "$(BUILT_PRODUCTS_DIR)/LangTools_Example.app/$(BUNDLE_EXECUTABLE_FOLDER_PATH)/LangTools_Example";
			};
			name = Release;
		};
		B1D1EC0A2CA2519100AD7FA6 /* Debug */ = {
			isa = XCBuildConfiguration;
			buildSettings = {
				CODE_SIGN_STYLE = Automatic;
				CURRENT_PROJECT_VERSION = 1;
				DEVELOPMENT_TEAM = 82W93M4H92;
				GENERATE_INFOPLIST_FILE = YES;
				MARKETING_VERSION = 1.0;
				PRODUCT_BUNDLE_IDENTIFIER = "com.reidchatham.LangTools-ExampleUITests";
				PRODUCT_NAME = "$(TARGET_NAME)";
				SWIFT_EMIT_LOC_STRINGS = NO;
				SWIFT_VERSION = 5.0;
				TARGETED_DEVICE_FAMILY = "1,2";
				TEST_TARGET_NAME = LangTools_Example;
			};
			name = Debug;
		};
		B1D1EC0B2CA2519100AD7FA6 /* Release */ = {
			isa = XCBuildConfiguration;
			buildSettings = {
				CODE_SIGN_STYLE = Automatic;
				CURRENT_PROJECT_VERSION = 1;
				DEVELOPMENT_TEAM = 82W93M4H92;
				GENERATE_INFOPLIST_FILE = YES;
				MARKETING_VERSION = 1.0;
				PRODUCT_BUNDLE_IDENTIFIER = "com.reidchatham.LangTools-ExampleUITests";
				PRODUCT_NAME = "$(TARGET_NAME)";
				SWIFT_EMIT_LOC_STRINGS = NO;
				SWIFT_VERSION = 5.0;
				TARGETED_DEVICE_FAMILY = "1,2";
				TEST_TARGET_NAME = LangTools_Example;
			};
			name = Release;
		};
/* End XCBuildConfiguration section */

/* Begin XCConfigurationList section */
		B1D1EBDA2CA2518E00AD7FA6 /* Build configuration list for PBXProject "LangTools_Example" */ = {
			isa = XCConfigurationList;
			buildConfigurations = (
				B1D1EC012CA2519100AD7FA6 /* Debug */,
				B1D1EC022CA2519100AD7FA6 /* Release */,
			);
			defaultConfigurationIsVisible = 0;
			defaultConfigurationName = Release;
		};
		B1D1EC032CA2519100AD7FA6 /* Build configuration list for PBXNativeTarget "LangTools_Example" */ = {
			isa = XCConfigurationList;
			buildConfigurations = (
				B1D1EC042CA2519100AD7FA6 /* Debug */,
				B1D1EC052CA2519100AD7FA6 /* Release */,
			);
			defaultConfigurationIsVisible = 0;
			defaultConfigurationName = Release;
		};
		B1D1EC062CA2519100AD7FA6 /* Build configuration list for PBXNativeTarget "LangTools_ExampleTests" */ = {
			isa = XCConfigurationList;
			buildConfigurations = (
				B1D1EC072CA2519100AD7FA6 /* Debug */,
				B1D1EC082CA2519100AD7FA6 /* Release */,
			);
			defaultConfigurationIsVisible = 0;
			defaultConfigurationName = Release;
		};
		B1D1EC092CA2519100AD7FA6 /* Build configuration list for PBXNativeTarget "LangTools_ExampleUITests" */ = {
			isa = XCConfigurationList;
			buildConfigurations = (
				B1D1EC0A2CA2519100AD7FA6 /* Debug */,
				B1D1EC0B2CA2519100AD7FA6 /* Release */,
			);
			defaultConfigurationIsVisible = 0;
			defaultConfigurationName = Release;
		};
/* End XCConfigurationList section */

/* Begin XCLocalSwiftPackageReference section */
		B1E419ED2D44C7830082C763 /* XCLocalSwiftPackageReference "../../../LangTools.swift" */ = {
			isa = XCLocalSwiftPackageReference;
			relativePath = ../../../LangTools.swift;
		};
/* End XCLocalSwiftPackageReference section */

/* Begin XCRemoteSwiftPackageReference section */
		B1D1EC702CA31C5F00AD7FA6 /* XCRemoteSwiftPackageReference "KeychainAccess" */ = {
			isa = XCRemoteSwiftPackageReference;
			repositoryURL = "https://github.com/kishikawakatsumi/KeychainAccess";
			requirement = {
				kind = upToNextMajorVersion;
				minimumVersion = 4.0.0;
			};
		};
/* End XCRemoteSwiftPackageReference section */

/* Begin XCSwiftPackageProductDependency section */
		B1893C6C2D575D5000784929 /* Agents */ = {
			isa = XCSwiftPackageProductDependency;
			package = B1E419ED2D44C7830082C763 /* XCLocalSwiftPackageReference "../../../LangTools.swift" */;
			productName = Agents;
		};
		B19586DA2CD40C6900843DF5 /* Anthropic */ = {
			isa = XCSwiftPackageProductDependency;
			productName = Anthropic;
		};
		B19586DC2CD40C6900843DF5 /* LangTools */ = {
			isa = XCSwiftPackageProductDependency;
			productName = LangTools;
		};
		B19586DE2CD40C6900843DF5 /* OpenAI */ = {
			isa = XCSwiftPackageProductDependency;
			productName = OpenAI;
		};
		B1D1EC712CA31C5F00AD7FA6 /* KeychainAccess */ = {
			isa = XCSwiftPackageProductDependency;
			package = B1D1EC702CA31C5F00AD7FA6 /* XCRemoteSwiftPackageReference "KeychainAccess" */;
			productName = KeychainAccess;
		};
		B1E419EE2D44C7830082C763 /* Anthropic */ = {
			isa = XCSwiftPackageProductDependency;
			productName = Anthropic;
		};
		B1E419F02D44C7830082C763 /* Gemini */ = {
			isa = XCSwiftPackageProductDependency;
			productName = Gemini;
		};
		B1E419F22D44C7830082C763 /* LangTools */ = {
			isa = XCSwiftPackageProductDependency;
			productName = LangTools;
		};
		B1E419F42D44C7830082C763 /* Ollama */ = {
			isa = XCSwiftPackageProductDependency;
			productName = Ollama;
		};
		B1E419F62D44C7830082C763 /* OpenAI */ = {
			isa = XCSwiftPackageProductDependency;
			productName = OpenAI;
		};
		B1E41A092D46B4B80082C763 /* XAI */ = {
			isa = XCSwiftPackageProductDependency;
			package = B1E419ED2D44C7830082C763 /* XCLocalSwiftPackageReference "../../../LangTools.swift" */;
			productName = XAI;
		};
/* End XCSwiftPackageProductDependency section */
	};
	rootObject = B1D1EBD72CA2518E00AD7FA6 /* Project object */;
}
